
Microsoft Visual Studio Solution File, Format Version 12.00
# Visual Studio Version 16
VisualStudioVersion = 16.0.31424.327
MinimumVisualStudioVersion = 10.0.40219.1
Project("{FAE04EC0-301F-11D3-BF4B-00C04F79EFBC}") = "ToDoList.API", "ToDoList.API\ToDoList.API.csproj", "{CD5C5E16-31FF-43C6-85B8-B7D534D4ACB3}"
EndProject
Project("{9A19103F-16F7-4668-BE54-9A1E7A4F7556}") = "ToDoList.Model", "..\ToDoList.Model\ToDoList.Model.csproj", "{9CBEDC24-CB33-42AC-96D6-0D5DDDE1DF9E}"
EndProject
Project("{9A19103F-16F7-4668-BE54-9A1E7A4F7556}") = "ToDoList.Services", "..\ToDoList.Services\ToDoList.Services.csproj", "{9F43A024-887F-4990-8976-AC63D997E9E9}"
EndProject
Global
	GlobalSection(SolutionConfigurationPlatforms) = preSolution
		Debug|Any CPU = Debug|Any CPU
		Release|Any CPU = Release|Any CPU
	EndGlobalSection
	GlobalSection(ProjectConfigurationPlatforms) = postSolution
		{CD5C5E16-31FF-43C6-85B8-B7D534D4ACB3}.Debug|Any CPU.ActiveCfg = Debug|Any CPU
		{CD5C5E16-31FF-43C6-85B8-B7D534D4ACB3}.Debug|Any CPU.Build.0 = Debug|Any CPU
		{CD5C5E16-31FF-43C6-85B8-B7D534D4ACB3}.Release|Any CPU.ActiveCfg = Release|Any CPU
		{CD5C5E16-31FF-43C6-85B8-B7D534D4ACB3}.Release|Any CPU.Build.0 = Release|Any CPU
		{9CBEDC24-CB33-42AC-96D6-0D5DDDE1DF9E}.Debug|Any CPU.ActiveCfg = Debug|Any CPU
		{9CBEDC24-CB33-42AC-96D6-0D5DDDE1DF9E}.Debug|Any CPU.Build.0 = Debug|Any CPU
		{9CBEDC24-CB33-42AC-96D6-0D5DDDE1DF9E}.Release|Any CPU.ActiveCfg = Release|Any CPU
		{9CBEDC24-CB33-42AC-96D6-0D5DDDE1DF9E}.Release|Any CPU.Build.0 = Release|Any CPU
		{9F43A024-887F-4990-8976-AC63D997E9E9}.Debug|Any CPU.ActiveCfg = Debug|Any CPU
		{9F43A024-887F-4990-8976-AC63D997E9E9}.Debug|Any CPU.Build.0 = Debug|Any CPU
		{9F43A024-887F-4990-8976-AC63D997E9E9}.Release|Any CPU.ActiveCfg = Release|Any CPU
		{9F43A024-887F-4990-8976-AC63D997E9E9}.Release|Any CPU.Build.0 = Release|Any CPU
	EndGlobalSection
	GlobalSection(SolutionProperties) = preSolution
		HideSolutionNode = FALSE
	EndGlobalSection
	GlobalSection(ExtensibilityGlobals) = postSolution
		SolutionGuid = {398E76F1-7462-4882-8283-D14D6A05DDB9}
	EndGlobalSection
EndGlobal
